Microsoft Visual Studio Solution File, Format Version 12.00
# Visual Studio Version 17
VisualStudioVersion = 17.0.31903.59
MinimumVisualStudioVersion = 10.0.40219.1
Project("{FAE04EC0-301F-11D3-BF4B-00C04F79EFBC}") = "PCCExecutive.Domain", "src\PCCExecutive.Domain\PCCExecutive.Domain.csproj", "{9E763722-95D2-43E1-B65E-8D81B2F867C1}"
EndProject
Project("{FAE04EC0-301F-11D3-BF4B-00C04F79EFBC}") = "PCCExecutive.Application", "src\PCCExecutive.Application\PCCExecutive.Application.csproj", "{510A55F8-0D93-478F-98B5-810D6E00BD36}"
EndProject
Project("{FAE04EC0-301F-11D3-BF4B-00C04F79EFBC}") = "PCCExecutive.Domain.Tests", "tests\PCCExecutive.Domain.Tests\PCCExecutive.Domain.Tests.csproj", "{611D6571-042E-405F-A0A2-CE18FD284E90}"
EndProject
Global
    GlobalSection(SolutionConfigurationPlatforms) = preSolution
        Debug|Any CPU = Debug|Any CPU
        Release|Any CPU = Release|Any CPU
    EndGlobalSection
    GlobalSection(ProjectConfigurationPlatforms) = postSolution
        {9E763722-95D2-43E1-B65E-8D81B2F867C1}.Debug|Any CPU.ActiveCfg = Debug|Any CPU
        {9E763722-95D2-43E1-B65E-8D81B2F867C1}.Debug|Any CPU.Build.0 = Debug|Any CPU
        {9E763722-95D2-43E1-B65E-8D81B2F867C1}.Release|Any CPU.ActiveCfg = Release|Any CPU
        {9E763722-95D2-43E1-B65E-8D81B2F867C1}.Release|Any CPU.Build.0 = Release|Any CPU
        {510A55F8-0D93-478F-98B5-810D6E00BD36}.Debug|Any CPU.ActiveCfg = Debug|Any CPU
        {510A55F8-0D93-478F-98B5-810D6E00BD36}.Debug|Any CPU.Build.0 = Debug|Any CPU
        {510A55F8-0D93-478F-98B5-810D6E00BD36}.Release|Any CPU.ActiveCfg = Release|Any CPU
        {510A55F8-0D93-478F-98B5-810D6E00BD36}.Release|Any CPU.Build.0 = Release|Any CPU
        {611D6571-042E-405F-A0A2-CE18FD284E90}.Debug|Any CPU.ActiveCfg = Debug|Any CPU
        {611D6571-042E-405F-A0A2-CE18FD284E90}.Debug|Any CPU.Build.0 = Debug|Any CPU
        {611D6571-042E-405F-A0A2-CE18FD284E90}.Release|Any CPU.ActiveCfg = Release|Any CPU
        {611D6571-042E-405F-A0A2-CE18FD284E90}.Release|Any CPU.Build.0 = Release|Any CPU
    EndGlobalSection
EndGlobal
